# This file was autogenerated by Stack.
# You should not edit this file by hand.
# For more information, please see the documentation at:
#   https://docs.haskellstack.org/en/stable/topics/lock_files

packages:
- completed:
    commit: 3e665784228cba7261560c104b8f1d928e7b5bd4
    git: https://github.com/minio/minio-hs.git
    name: minio-hs
    pantry-tree:
      sha256: b40b79fedd757eac8825f89eafc5ee13f3991898e407cb3d1c9b5a3b15bffdfc
      size: 4744
    version: 1.7.0
  original:
    commit: 3e665784228cba7261560c104b8f1d928e7b5bd4
    git: https://github.com/minio/minio-hs.git
- completed:
    hackage: discord-haskell-1.18.0@sha256:0b88b1c391542b36243647f3533261867a1bd59cb2194519bc4b0e45b9a73797,7032
    pantry-tree:
      sha256: 08c931796e4cdab60dd889f6a7f2c8cbcb72f9cdedfeee683c3a0593294073f8
      size: 3916
  original:
    hackage: discord-haskell-1.18.0@sha256:0b88b1c391542b36243647f3533261867a1bd59cb2194519bc4b0e45b9a73797,7032
snapshots:
- completed:
    sha256: 468e1afa06cd069e57554f10e84fdf1ac5e8893e3eefc503ef837e2449f7e60c
    size: 726310
    url: https://raw.githubusercontent.com/commercialhaskell/stackage-snapshots/master/lts/24/11.yaml
  original: lts-24.11
